// !$*UTF8*$!
{
	archiveVersion = 1;
	classes = {
	};
	objectVersion = 55;
	objects = {

/* Begin PBXBuildFile section */
		91108EAA275D917D00EACB6B /* Localization.strings in Resources */ = {isa = PBXBuildFile; fileRef = 91108EAC275D917D00EACB6B /* Localization.strings */; };
		9114E2E4275E829B005CBFCC /* RoundedTextFieldStyle.swift in Sources */ = {isa = PBXBuildFile; fileRef = 9114E2E3275E829B005CBFCC /* RoundedTextFieldStyle.swift */; };
		9114E2E6275E8CA7005CBFCC /* Colors.swift in Sources */ = {isa = PBXBuildFile; fileRef = 9114E2E5275E8CA7005CBFCC /* Colors.swift */; };
		91617CD8275D3A7500DDB972 /* SignUpSampleApp.swift in Sources */ = {isa = PBXBuildFile; fileRef = 91617CD7275D3A7500DDB972 /* SignUpSampleApp.swift */; };
		91617CDA275D3A7500DDB972 /* SignUpView.swift in Sources */ = {isa = PBXBuildFile; fileRef = 91617CD9275D3A7500DDB972 /* SignUpView.swift */; };
		91617CDC275D3A7800DDB972 /* Assets.xcassets in Resources */ = {isa = PBXBuildFile; fileRef = 91617CDB275D3A7800DDB972 /* Assets.xcassets */; };
		91617CDF275D3A7800DDB972 /* Preview Assets.xcassets in Resources */ = {isa = PBXBuildFile; fileRef = 91617CDE275D3A7800DDB972 /* Preview Assets.xcassets */; };
		91617D02275D4D5000DDB972 /* com.raywenderlich.swiftlint.yml in Resources */ = {isa = PBXBuildFile; fileRef = 91617D01275D4D5000DDB972 /* com.raywenderlich.swiftlint.yml */; };
		91617D09275D6BA500DDB972 /* SignUpViewModel.swift in Sources */ = {isa = PBXBuildFile; fileRef = 91617D08275D6BA500DDB972 /* SignUpViewModel.swift */; };
		91617D0E275D6CBD00DDB972 /* SignUpConfirmationView.swift in Sources */ = {isa = PBXBuildFile; fileRef = 91617D0D275D6CBD00DDB972 /* SignUpConfirmationView.swift */; };
		91617D10275D6CF600DDB972 /* SignUpConfirmationViewModel.swift in Sources */ = {isa = PBXBuildFile; fileRef = 91617D0F275D6CF600DDB972 /* SignUpConfirmationViewModel.swift */; };
		91617D12275D6D3200DDB972 /* NetworkStatus.swift in Sources */ = {isa = PBXBuildFile; fileRef = 91617D11275D6D3200DDB972 /* NetworkStatus.swift */; };
		91617D14275D6D4100DDB972 /* AccountService.swift in Sources */ = {isa = PBXBuildFile; fileRef = 91617D13275D6D4100DDB972 /* AccountService.swift */; };
		91617D28275D71A900DDB972 /* MockAccountService.swift in Sources */ = {isa = PBXBuildFile; fileRef = 91617D27275D71A900DDB972 /* MockAccountService.swift */; };
		91617D2A275D71BF00DDB972 /* MockNetworkStatus.swift in Sources */ = {isa = PBXBuildFile; fileRef = 91617D29275D71BF00DDB972 /* MockNetworkStatus.swift */; };
		91617D2D275D7DE700DDB972 /* US1S1FirstNameIsOptinalUITests.swift in Sources */ = {isa = PBXBuildFile; fileRef = 91617D2C275D7DE700DDB972 /* US1S1FirstNameIsOptinalUITests.swift */; };
		91617D2F275D804800DDB972 /* US1S2FirstNameLimits200CharsUITests.swift in Sources */ = {isa = PBXBuildFile; fileRef = 91617D2E275D804800DDB972 /* US1S2FirstNameLimits200CharsUITests.swift */; };
		91617D31275D807C00DDB972 /* US1S3EmailIsRequiredUITests.swift in Sources */ = {isa = PBXBuildFile; fileRef = 91617D30275D807C00DDB972 /* US1S3EmailIsRequiredUITests.swift */; };
		91617D33275D80B100DDB972 /* US1S4EmailIsInvalidUITests.swift in Sources */ = {isa = PBXBuildFile; fileRef = 91617D32275D80B100DDB972 /* US1S4EmailIsInvalidUITests.swift */; };
		91617D35275D80E300DDB972 /* US1S5EmailIsValidUITests.swift in Sources */ = {isa = PBXBuildFile; fileRef = 91617D34275D80E300DDB972 /* US1S5EmailIsValidUITests.swift */; };
		91617D37275D814500DDB972 /* US1S6EmailLimits200CharsUITests.swift in Sources */ = {isa = PBXBuildFile; fileRef = 91617D36275D814500DDB972 /* US1S6EmailLimits200CharsUITests.swift */; };
		91617D39275D819A00DDB972 /* US1S7PasswordIsRequiredUITests.swift in Sources */ = {isa = PBXBuildFile; fileRef = 91617D38275D819A00DDB972 /* US1S7PasswordIsRequiredUITests.swift */; };
		91617D3B275D820B00DDB972 /* US1S8PasswordIsInvalidUITests.swift in Sources */ = {isa = PBXBuildFile; fileRef = 91617D3A275D820B00DDB972 /* US1S8PasswordIsInvalidUITests.swift */; };
		91617D3D275D824D00DDB972 /* US1S9PasswordIsValidUITests.swift in Sources */ = {isa = PBXBuildFile; fileRef = 91617D3C275D824D00DDB972 /* US1S9PasswordIsValidUITests.swift */; };
		91617D3F275D82A800DDB972 /* US1S10PasswordLimits200CharsUITests.swift in Sources */ = {isa = PBXBuildFile; fileRef = 91617D3E275D82A800DDB972 /* US1S10PasswordLimits200CharsUITests.swift */; };
		91617D41275D82E000DDB972 /* US1S11WebsiteIsOptionalUITests.swift in Sources */ = {isa = PBXBuildFile; fileRef = 91617D40275D82E000DDB972 /* US1S11WebsiteIsOptionalUITests.swift */; };
		91617D43275D834000DDB972 /* US1S12WebsiteLimits200CharsUITests.swift in Sources */ = {isa = PBXBuildFile; fileRef = 91617D42275D834000DDB972 /* US1S12WebsiteLimits200CharsUITests.swift */; };
		91617D45275D837900DDB972 /* US1S13WebsiteIsInvalidUITests.swift in Sources */ = {isa = PBXBuildFile; fileRef = 91617D44275D837900DDB972 /* US1S13WebsiteIsInvalidUITests.swift */; };
		91617D47275D83E500DDB972 /* US1S14TermOfUseUITests.swift in Sources */ = {isa = PBXBuildFile; fileRef = 91617D46275D83E500DDB972 /* US1S14TermOfUseUITests.swift */; };
		91617D49275D842C00DDB972 /* US1S15EmailIsAlreadyInUseUITests.swift in Sources */ = {isa = PBXBuildFile; fileRef = 91617D48275D842C00DDB972 /* US1S15EmailIsAlreadyInUseUITests.swift */; };
		91617D4B275D847200DDB972 /* US1S16AccountCreatedSuccessfullyUITests.swift in Sources */ = {isa = PBXBuildFile; fileRef = 91617D4A275D847200DDB972 /* US1S16AccountCreatedSuccessfullyUITests.swift */; };
		91617D4D275D849E00DDB972 /* US1S17DeviceIsOfflineUITests.swift in Sources */ = {isa = PBXBuildFile; fileRef = 91617D4C275D849E00DDB972 /* US1S17DeviceIsOfflineUITests.swift */; };
		91617D60275D860C00DDB972 /* US1S8PasswordIsInvalidTests.swift in Sources */ = {isa = PBXBuildFile; fileRef = 91617D4F275D860C00DDB972 /* US1S8PasswordIsInvalidTests.swift */; };
		91617D61275D860C00DDB972 /* US1S16AccountCreatedSuccessfullyTests.swift in Sources */ = {isa = PBXBuildFile; fileRef = 91617D50275D860C00DDB972 /* US1S16AccountCreatedSuccessfullyTests.swift */; };
		91617D62275D860C00DDB972 /* US1S7PasswordIsRequiredTests.swift in Sources */ = {isa = PBXBuildFile; fileRef = 91617D51275D860C00DDB972 /* US1S7PasswordIsRequiredTests.swift */; };
		91617D63275D860C00DDB972 /* US1S10PasswordLimits200CharsTests.swift in Sources */ = {isa = PBXBuildFile; fileRef = 91617D52275D860C00DDB972 /* US1S10PasswordLimits200CharsTests.swift */; };
		91617D64275D860C00DDB972 /* US1S5EmailIsValidTests.swift in Sources */ = {isa = PBXBuildFile; fileRef = 91617D53275D860C00DDB972 /* US1S5EmailIsValidTests.swift */; };
		91617D65275D860C00DDB972 /* US1S2FirstNameLimits200CharsTests.swift in Sources */ = {isa = PBXBuildFile; fileRef = 91617D54275D860C00DDB972 /* US1S2FirstNameLimits200CharsTests.swift */; };
		91617D66275D860C00DDB972 /* US1S9PasswordIsValidTests.swift in Sources */ = {isa = PBXBuildFile; fileRef = 91617D55275D860C00DDB972 /* US1S9PasswordIsValidTests.swift */; };
		91617D67275D860C00DDB972 /* US1S14TermOfUseTests.swift in Sources */ = {isa = PBXBuildFile; fileRef = 91617D56275D860C00DDB972 /* US1S14TermOfUseTests.swift */; };
		91617D68275D860C00DDB972 /* US1S3EmailIsRequiredTests.swift in Sources */ = {isa = PBXBuildFile; fileRef = 91617D57275D860C00DDB972 /* US1S3EmailIsRequiredTests.swift */; };
		91617D69275D860C00DDB972 /* US1S13WebsiteIsInvalidTests.swift in Sources */ = {isa = PBXBuildFile; fileRef = 91617D58275D860C00DDB972 /* US1S13WebsiteIsInvalidTests.swift */; };
		91617D6A275D860C00DDB972 /* US1S11WebsiteIsOptionalTests.swift in Sources */ = {isa = PBXBuildFile; fileRef = 91617D59275D860C00DDB972 /* US1S11WebsiteIsOptionalTests.swift */; };
		91617D6B275D860C00DDB972 /* US1S4EmailIsInvalidTests.swift in Sources */ = {isa = PBXBuildFile; fileRef = 91617D5A275D860C00DDB972 /* US1S4EmailIsInvalidTests.swift */; };
		91617D6C275D860C00DDB972 /* US1S6EmailLimits200CharsTests.swift in Sources */ = {isa = PBXBuildFile; fileRef = 91617D5B275D860C00DDB972 /* US1S6EmailLimits200CharsTests.swift */; };
		91617D6D275D860C00DDB972 /* US1S12WebsiteLimits200CharsTests.swift in Sources */ = {isa = PBXBuildFile; fileRef = 91617D5C275D860C00DDB972 /* US1S12WebsiteLimits200CharsTests.swift */; };
		91617D6E275D860C00DDB972 /* US1S1FirstNameIsOptinalTests.swift in Sources */ = {isa = PBXBuildFile; fileRef = 91617D5D275D860C00DDB972 /* US1S1FirstNameIsOptinalTests.swift */; };
		91617D6F275D860C00DDB972 /* US1S15EmailIsAlreadyInUseTests.swift in Sources */ = {isa = PBXBuildFile; fileRef = 91617D5E275D860C00DDB972 /* US1S15EmailIsAlreadyInUseTests.swift */; };
		91617D70275D860C00DDB972 /* US1S17DeviceIsOfflineTests.swift in Sources */ = {isa = PBXBuildFile; fileRef = 91617D5F275D860C00DDB972 /* US1S17DeviceIsOfflineTests.swift */; };
/* End PBXBuildFile section */

/* Begin PBXContainerItemProxy section */
		91617CE5275D3A7800DDB972 /* PBXContainerItemProxy */ = {
			isa = PBXContainerItemProxy;
			containerPortal = 91617CCC275D3A7500DDB972 /* Project object */;
			proxyType = 1;
			remoteGlobalIDString = 91617CD3275D3A7500DDB972;
			remoteInfo = SignUpSample;
		};
		91617CEF275D3A7800DDB972 /* PBXContainerItemProxy */ = {
			isa = PBXContainerItemProxy;
			containerPortal = 91617CCC275D3A7500DDB972 /* Project object */;
			proxyType = 1;
			remoteGlobalIDString = 91617CD3275D3A7500DDB972;
			remoteInfo = SignUpSample;
		};
/* End PBXContainerItemProxy section */

/* Begin PBXFileReference section */
		91108EAB275D917D00EACB6B /* en */ = {isa = PBXFileReference; lastKnownFileType = text.plist.strings; name = en; path = en.lproj/Localization.strings; sourceTree = "<group>"; };
		91108EAD275D917F00EACB6B /* vi */ = {isa = PBXFileReference; lastKnownFileType = text.plist.strings; name = vi; path = vi.lproj/Localization.strings; sourceTree = "<group>"; };
		9114E2E3275E829B005CBFCC /* RoundedTextFieldStyle.swift */ = {isa = PBXFileReference; lastKnownFileType = sourcecode.swift; path = RoundedTextFieldStyle.swift; sourceTree = "<group>"; };
		9114E2E5275E8CA7005CBFCC /* Colors.swift */ = {isa = PBXFileReference; lastKnownFileType = sourcecode.swift; path = Colors.swift; sourceTree = "<group>"; };
		91617CD4275D3A7500DDB972 /* SignUpSample.app */ = {isa = PBXFileReference; explicitFileType = wrapper.application; includeInIndex = 0; path = SignUpSample.app; sourceTree = BUILT_PRODUCTS_DIR; };
		91617CD7275D3A7500DDB972 /* SignUpSampleApp.swift */ = {isa = PBXFileReference; lastKnownFileType = sourcecode.swift; path = SignUpSampleApp.swift; sourceTree = "<group>"; };
		91617CD9275D3A7500DDB972 /* SignUpView.swift */ = {isa = PBXFileReference; lastKnownFileType = sourcecode.swift; path = SignUpView.swift; sourceTree = "<group>"; };
		91617CDB275D3A7800DDB972 /* Assets.xcassets */ = {isa = PBXFileReference; lastKnownFileType = folder.assetcatalog; path = Assets.xcassets; sourceTree = "<group>"; };
		91617CDE275D3A7800DDB972 /* Preview Assets.xcassets */ = {isa = PBXFileReference; lastKnownFileType = folder.assetcatalog; path = "Preview Assets.xcassets"; sourceTree = "<group>"; };
		91617CE4275D3A7800DDB972 /* SignUpSampleTests.xctest */ = {isa = PBXFileReference; explicitFileType = wrapper.cfbundle; includeInIndex = 0; path = SignUpSampleTests.xctest; sourceTree = BUILT_PRODUCTS_DIR; };
		91617CEE275D3A7800DDB972 /* SignUpSampleUITests.xctest */ = {isa = PBXFileReference; explicitFileType = wrapper.cfbundle; includeInIndex = 0; path = SignUpSampleUITests.xctest; sourceTree = BUILT_PRODUCTS_DIR; };
		91617D01275D4D5000DDB972 /* com.raywenderlich.swiftlint.yml */ = {isa = PBXFileReference; fileEncoding = 4; lastKnownFileType = text.yaml; path = com.raywenderlich.swiftlint.yml; sourceTree = "<group>"; };
		91617D08275D6BA500DDB972 /* SignUpViewModel.swift */ = {isa = PBXFileReference; lastKnownFileType = sourcecode.swift; path = SignUpViewModel.swift; sourceTree = "<group>"; };
		91617D0D275D6CBD00DDB972 /* SignUpConfirmationView.swift */ = {isa = PBXFileReference; lastKnownFileType = sourcecode.swift; path = SignUpConfirmationView.swift; sourceTree = "<group>"; };
		91617D0F275D6CF600DDB972 /* SignUpConfirmationViewModel.swift */ = {isa = PBXFileReference; lastKnownFileType = sourcecode.swift; path = SignUpConfirmationViewModel.swift; sourceTree = "<group>"; };
		91617D11275D6D3200DDB972 /* NetworkStatus.swift */ = {isa = PBXFileReference; lastKnownFileType = sourcecode.swift; path = NetworkStatus.swift; sourceTree = "<group>"; };
		91617D13275D6D4100DDB972 /* AccountService.swift */ = {isa = PBXFileReference; lastKnownFileType = sourcecode.swift; path = AccountService.swift; sourceTree = "<group>"; };
		91617D27275D71A900DDB972 /* MockAccountService.swift */ = {isa = PBXFileReference; lastKnownFileType = sourcecode.swift; path = MockAccountService.swift; sourceTree = "<group>"; };
		91617D29275D71BF00DDB972 /* MockNetworkStatus.swift */ = {isa = PBXFileReference; lastKnownFileType = sourcecode.swift; path = MockNetworkStatus.swift; sourceTree = "<group>"; };
		91617D2C275D7DE700DDB972 /* US1S1FirstNameIsOptinalUITests.swift */ = {isa = PBXFileReference; lastKnownFileType = sourcecode.swift; path = US1S1FirstNameIsOptinalUITests.swift; sourceTree = "<group>"; };
		91617D2E275D804800DDB972 /* US1S2FirstNameLimits200CharsUITests.swift */ = {isa = PBXFileReference; lastKnownFileType = sourcecode.swift; path = US1S2FirstNameLimits200CharsUITests.swift; sourceTree = "<group>"; };
		91617D30275D807C00DDB972 /* US1S3EmailIsRequiredUITests.swift */ = {isa = PBXFileReference; lastKnownFileType = sourcecode.swift; path = US1S3EmailIsRequiredUITests.swift; sourceTree = "<group>"; };
		91617D32275D80B100DDB972 /* US1S4EmailIsInvalidUITests.swift */ = {isa = PBXFileReference; lastKnownFileType = sourcecode.swift; path = US1S4EmailIsInvalidUITests.swift; sourceTree = "<group>"; };
		91617D34275D80E300DDB972 /* US1S5EmailIsValidUITests.swift */ = {isa = PBXFileReference; lastKnownFileType = sourcecode.swift; path = US1S5EmailIsValidUITests.swift; sourceTree = "<group>"; };
		91617D36275D814500DDB972 /* US1S6EmailLimits200CharsUITests.swift */ = {isa = PBXFileReference; lastKnownFileType = sourcecode.swift; path = US1S6EmailLimits200CharsUITests.swift; sourceTree = "<group>"; };
		91617D38275D819A00DDB972 /* US1S7PasswordIsRequiredUITests.swift */ = {isa = PBXFileReference; lastKnownFileType = sourcecode.swift; path = US1S7PasswordIsRequiredUITests.swift; sourceTree = "<group>"; };
		91617D3A275D820B00DDB972 /* US1S8PasswordIsInvalidUITests.swift */ = {isa = PBXFileReference; lastKnownFileType = sourcecode.swift; path = US1S8PasswordIsInvalidUITests.swift; sourceTree = "<group>"; };
		91617D3C275D824D00DDB972 /* US1S9PasswordIsValidUITests.swift */ = {isa = PBXFileReference; lastKnownFileType = sourcecode.swift; path = US1S9PasswordIsValidUITests.swift; sourceTree = "<group>"; };
		91617D3E275D82A800DDB972 /* US1S10PasswordLimits200CharsUITests.swift */ = {isa = PBXFileReference; lastKnownFileType = sourcecode.swift; path = US1S10PasswordLimits200CharsUITests.swift; sourceTree = "<group>"; };
		91617D40275D82E000DDB972 /* US1S11WebsiteIsOptionalUITests.swift */ = {isa = PBXFileReference; lastKnownFileType = sourcecode.swift; path = US1S11WebsiteIsOptionalUITests.swift; sourceTree = "<group>"; };
		91617D42275D834000DDB972 /* US1S12WebsiteLimits200CharsUITests.swift */ = {isa = PBXFileReference; lastKnownFileType = sourcecode.swift; path = US1S12WebsiteLimits200CharsUITests.swift; sourceTree = "<group>"; };
		91617D44275D837900DDB972 /* US1S13WebsiteIsInvalidUITests.swift */ = {isa = PBXFileReference; lastKnownFileType = sourcecode.swift; path = US1S13WebsiteIsInvalidUITests.swift; sourceTree = "<group>"; };
		91617D46275D83E500DDB972 /* US1S14TermOfUseUITests.swift */ = {isa = PBXFileReference; lastKnownFileType = sourcecode.swift; path = US1S14TermOfUseUITests.swift; sourceTree = "<group>"; };
		91617D48275D842C00DDB972 /* US1S15EmailIsAlreadyInUseUITests.swift */ = {isa = PBXFileReference; lastKnownFileType = sourcecode.swift; path = US1S15EmailIsAlreadyInUseUITests.swift; sourceTree = "<group>"; };
		91617D4A275D847200DDB972 /* US1S16AccountCreatedSuccessfullyUITests.swift */ = {isa = PBXFileReference; lastKnownFileType = sourcecode.swift; path = US1S16AccountCreatedSuccessfullyUITests.swift; sourceTree = "<group>"; };
		91617D4C275D849E00DDB972 /* US1S17DeviceIsOfflineUITests.swift */ = {isa = PBXFileReference; lastKnownFileType = sourcecode.swift; path = US1S17DeviceIsOfflineUITests.swift; sourceTree = "<group>"; };
		91617D4F275D860C00DDB972 /* US1S8PasswordIsInvalidTests.swift */ = {isa = PBXFileReference; fileEncoding = 4; lastKnownFileType = sourcecode.swift; path = US1S8PasswordIsInvalidTests.swift; sourceTree = "<group>"; };
		91617D50275D860C00DDB972 /* US1S16AccountCreatedSuccessfullyTests.swift */ = {isa = PBXFileReference; fileEncoding = 4; lastKnownFileType = sourcecode.swift; path = US1S16AccountCreatedSuccessfullyTests.swift; sourceTree = "<group>"; };
		91617D51275D860C00DDB972 /* US1S7PasswordIsRequiredTests.swift */ = {isa = PBXFileReference; fileEncoding = 4; lastKnownFileType = sourcecode.swift; path = US1S7PasswordIsRequiredTests.swift; sourceTree = "<group>"; };
		91617D52275D860C00DDB972 /* US1S10PasswordLimits200CharsTests.swift */ = {isa = PBXFileReference; fileEncoding = 4; lastKnownFileType = sourcecode.swift; path = US1S10PasswordLimits200CharsTests.swift; sourceTree = "<group>"; };
		91617D53275D860C00DDB972 /* US1S5EmailIsValidTests.swift */ = {isa = PBXFileReference; fileEncoding = 4; lastKnownFileType = sourcecode.swift; path = US1S5EmailIsValidTests.swift; sourceTree = "<group>"; };
		91617D54275D860C00DDB972 /* US1S2FirstNameLimits200CharsTests.swift */ = {isa = PBXFileReference; fileEncoding = 4; lastKnownFileType = sourcecode.swift; path = US1S2FirstNameLimits200CharsTests.swift; sourceTree = "<group>"; };
		91617D55275D860C00DDB972 /* US1S9PasswordIsValidTests.swift */ = {isa = PBXFileReference; fileEncoding = 4; lastKnownFileType = sourcecode.swift; path = US1S9PasswordIsValidTests.swift; sourceTree = "<group>"; };
		91617D56275D860C00DDB972 /* US1S14TermOfUseTests.swift */ = {isa = PBXFileReference; fileEncoding = 4; lastKnownFileType = sourcecode.swift; path = US1S14TermOfUseTests.swift; sourceTree = "<group>"; };
		91617D57275D860C00DDB972 /* US1S3EmailIsRequiredTests.swift */ = {isa = PBXFileReference; fileEncoding = 4; lastKnownFileType = sourcecode.swift; path = US1S3EmailIsRequiredTests.swift; sourceTree = "<group>"; };
		91617D58275D860C00DDB972 /* US1S13WebsiteIsInvalidTests.swift */ = {isa = PBXFileReference; fileEncoding = 4; lastKnownFileType = sourcecode.swift; path = US1S13WebsiteIsInvalidTests.swift; sourceTree = "<group>"; };
		91617D59275D860C00DDB972 /* US1S11WebsiteIsOptionalTests.swift */ = {isa = PBXFileReference; fileEncoding = 4; lastKnownFileType = sourcecode.swift; path = US1S11WebsiteIsOptionalTests.swift; sourceTree = "<group>"; };
		91617D5A275D860C00DDB972 /* US1S4EmailIsInvalidTests.swift */ = {isa = PBXFileReference; fileEncoding = 4; lastKnownFileType = sourcecode.swift; path = US1S4EmailIsInvalidTests.swift; sourceTree = "<group>"; };
		91617D5B275D860C00DDB972 /* US1S6EmailLimits200CharsTests.swift */ = {isa = PBXFileReference; fileEncoding = 4; lastKnownFileType = sourcecode.swift; path = US1S6EmailLimits200CharsTests.swift; sourceTree = "<group>"; };
		91617D5C275D860C00DDB972 /* US1S12WebsiteLimits200CharsTests.swift */ = {isa = PBXFileReference; fileEncoding = 4; lastKnownFileType = sourcecode.swift; path = US1S12WebsiteLimits200CharsTests.swift; sourceTree = "<group>"; };
		91617D5D275D860C00DDB972 /* US1S1FirstNameIsOptinalTests.swift */ = {isa = PBXFileReference; fileEncoding = 4; lastKnownFileType = sourcecode.swift; path = US1S1FirstNameIsOptinalTests.swift; sourceTree = "<group>"; };
		91617D5E275D860C00DDB972 /* US1S15EmailIsAlreadyInUseTests.swift */ = {isa = PBXFileReference; fileEncoding = 4; lastKnownFileType = sourcecode.swift; path = US1S15EmailIsAlreadyInUseTests.swift; sourceTree = "<group>"; };
		91617D5F275D860C00DDB972 /* US1S17DeviceIsOfflineTests.swift */ = {isa = PBXFileReference; fileEncoding = 4; lastKnownFileType = sourcecode.swift; path = US1S17DeviceIsOfflineTests.swift; sourceTree = "<group>"; };
/* End PBXFileReference section */

/* Begin PBXFrameworksBuildPhase section */
		91617CD1275D3A7500DDB972 /* Frameworks */ = {
			isa = PBXFrameworksBuildPhase;
			buildActionMask = 2147483647;
			files = (
			);
			runOnlyForDeploymentPostprocessing = 0;
		};
		91617CE1275D3A7800DDB972 /* Frameworks */ = {
			isa = PBXFrameworksBuildPhase;
			buildActionMask = 2147483647;
			files = (
			);
			runOnlyForDeploymentPostprocessing = 0;
		};
		91617CEB275D3A7800DDB972 /* Frameworks */ = {
			isa = PBXFrameworksBuildPhase;
			buildActionMask = 2147483647;
			files = (
			);
			runOnlyForDeploymentPostprocessing = 0;
		};
/* End PBXFrameworksBuildPhase section */

/* Begin PBXGroup section */
		9114E2E2275E817A005CBFCC /* Controls */ = {
			isa = PBXGroup;
			children = (
				9114E2E3275E829B005CBFCC /* RoundedTextFieldStyle.swift */,
			);
			path = Controls;
			sourceTree = "<group>";
		};
		91617CCB275D3A7500DDB972 = {
			isa = PBXGroup;
			children = (
				91617D01275D4D5000DDB972 /* com.raywenderlich.swiftlint.yml */,
				91617CD6275D3A7500DDB972 /* SignUpSample */,
				91617CE7275D3A7800DDB972 /* SignUpSampleTests */,
				91617CF1275D3A7800DDB972 /* SignUpSampleUITests */,
				91617CD5275D3A7500DDB972 /* Products */,
			);
			sourceTree = "<group>";
		};
		91617CD5275D3A7500DDB972 /* Products */ = {
			isa = PBXGroup;
			children = (
				91617CD4275D3A7500DDB972 /* SignUpSample.app */,
				91617CE4275D3A7800DDB972 /* SignUpSampleTests.xctest */,
				91617CEE275D3A7800DDB972 /* SignUpSampleUITests.xctest */,
			);
			name = Products;
			sourceTree = "<group>";
		};
		91617CD6275D3A7500DDB972 /* SignUpSample */ = {
			isa = PBXGroup;
			children = (
				91617CD7275D3A7500DDB972 /* SignUpSampleApp.swift */,
				91617D05275D69DD00DDB972 /* Model */,
				91617D04275D69D300DDB972 /* View */,
				91617D0C275D6C3900DDB972 /* Resource */,
			);
			path = SignUpSample;
			sourceTree = "<group>";
		};
		91617CDD275D3A7800DDB972 /* Preview Content */ = {
			isa = PBXGroup;
			children = (
				91617CDE275D3A7800DDB972 /* Preview Assets.xcassets */,
			);
			path = "Preview Content";
			sourceTree = "<group>";
		};
		91617CE7275D3A7800DDB972 /* SignUpSampleTests */ = {
			isa = PBXGroup;
			children = (
				91617D1F275D70DC00DDB972 /* Mock */,
				91617D4E275D860B00DDB972 /* US1SignUp */,
			);
			path = SignUpSampleTests;
			sourceTree = "<group>";
		};
		91617CF1275D3A7800DDB972 /* SignUpSampleUITests */ = {
			isa = PBXGroup;
			children = (
				91617D2B275D7A4300DDB972 /* US1SignUp */,
			);
			path = SignUpSampleUITests;
			sourceTree = "<group>";
		};
		91617D04275D69D300DDB972 /* View */ = {
			isa = PBXGroup;
			children = (
				9114E2E2275E817A005CBFCC /* Controls */,
				91617D0A275D6BC000DDB972 /* SignUp */,
				91617D0B275D6BEC00DDB972 /* SignUpConfirmation */,
			);
			path = View;
			sourceTree = "<group>";
		};
		91617D05275D69DD00DDB972 /* Model */ = {
			isa = PBXGroup;
			children = (
				91617D06275D6AFF00DDB972 /* Common */,
				91617D07275D6B0800DDB972 /* Service */,
			);
			path = Model;
			sourceTree = "<group>";
		};
		91617D06275D6AFF00DDB972 /* Common */ = {
			isa = PBXGroup;
			children = (
				91617D11275D6D3200DDB972 /* NetworkStatus.swift */,
			);
			path = Common;
			sourceTree = "<group>";
		};
		91617D07275D6B0800DDB972 /* Service */ = {
			isa = PBXGroup;
			children = (
				91617D13275D6D4100DDB972 /* AccountService.swift */,
			);
			path = Service;
			sourceTree = "<group>";
		};
		91617D0A275D6BC000DDB972 /* SignUp */ = {
			isa = PBXGroup;
			children = (
				91617CD9275D3A7500DDB972 /* SignUpView.swift */,
				91617D08275D6BA500DDB972 /* SignUpViewModel.swift */,
			);
			path = SignUp;
			sourceTree = "<group>";
		};
		91617D0B275D6BEC00DDB972 /* SignUpConfirmation */ = {
			isa = PBXGroup;
			children = (
				91617D0D275D6CBD00DDB972 /* SignUpConfirmationView.swift */,
				91617D0F275D6CF600DDB972 /* SignUpConfirmationViewModel.swift */,
			);
			path = SignUpConfirmation;
			sourceTree = "<group>";
		};
		91617D0C275D6C3900DDB972 /* Resource */ = {
			isa = PBXGroup;
			children = (
				9114E2E5275E8CA7005CBFCC /* Colors.swift */,
				91108EAC275D917D00EACB6B /* Localization.strings */,
				91617CDB275D3A7800DDB972 /* Assets.xcassets */,
				91617CDD275D3A7800DDB972 /* Preview Content */,
			);
			path = Resource;
			sourceTree = "<group>";
		};
		91617D1F275D70DC00DDB972 /* Mock */ = {
			isa = PBXGroup;
			children = (
				91617D20275D70E600DDB972 /* Model */,
			);
			path = Mock;
			sourceTree = "<group>";
		};
		91617D20275D70E600DDB972 /* Model */ = {
			isa = PBXGroup;
			children = (
				91617D22275D70F600DDB972 /* Common */,
				91617D21275D70EE00DDB972 /* Service */,
			);
			path = Model;
			sourceTree = "<group>";
		};
		91617D21275D70EE00DDB972 /* Service */ = {
			isa = PBXGroup;
			children = (
				91617D27275D71A900DDB972 /* MockAccountService.swift */,
			);
			path = Service;
			sourceTree = "<group>";
		};
		91617D22275D70F600DDB972 /* Common */ = {
			isa = PBXGroup;
			children = (
				91617D29275D71BF00DDB972 /* MockNetworkStatus.swift */,
			);
			path = Common;
			sourceTree = "<group>";
		};
		91617D2B275D7A4300DDB972 /* US1SignUp */ = {
			isa = PBXGroup;
			children = (
				91617D2C275D7DE700DDB972 /* US1S1FirstNameIsOptinalUITests.swift */,
				91617D2E275D804800DDB972 /* US1S2FirstNameLimits200CharsUITests.swift */,
				91617D30275D807C00DDB972 /* US1S3EmailIsRequiredUITests.swift */,
				91617D32275D80B100DDB972 /* US1S4EmailIsInvalidUITests.swift */,
				91617D34275D80E300DDB972 /* US1S5EmailIsValidUITests.swift */,
				91617D36275D814500DDB972 /* US1S6EmailLimits200CharsUITests.swift */,
				91617D38275D819A00DDB972 /* US1S7PasswordIsRequiredUITests.swift */,
				91617D3A275D820B00DDB972 /* US1S8PasswordIsInvalidUITests.swift */,
				91617D3C275D824D00DDB972 /* US1S9PasswordIsValidUITests.swift */,
				91617D3E275D82A800DDB972 /* US1S10PasswordLimits200CharsUITests.swift */,
				91617D40275D82E000DDB972 /* US1S11WebsiteIsOptionalUITests.swift */,
				91617D42275D834000DDB972 /* US1S12WebsiteLimits200CharsUITests.swift */,
				91617D44275D837900DDB972 /* US1S13WebsiteIsInvalidUITests.swift */,
				91617D46275D83E500DDB972 /* US1S14TermOfUseUITests.swift */,
				91617D48275D842C00DDB972 /* US1S15EmailIsAlreadyInUseUITests.swift */,
				91617D4A275D847200DDB972 /* US1S16AccountCreatedSuccessfullyUITests.swift */,
				91617D4C275D849E00DDB972 /* US1S17DeviceIsOfflineUITests.swift */,
			);
			path = US1SignUp;
			sourceTree = "<group>";
		};
		91617D4E275D860B00DDB972 /* US1SignUp */ = {
			isa = PBXGroup;
			children = (
				91617D5D275D860C00DDB972 /* US1S1FirstNameIsOptinalTests.swift */,
				91617D54275D860C00DDB972 /* US1S2FirstNameLimits200CharsTests.swift */,
				91617D57275D860C00DDB972 /* US1S3EmailIsRequiredTests.swift */,
				91617D5A275D860C00DDB972 /* US1S4EmailIsInvalidTests.swift */,
				91617D53275D860C00DDB972 /* US1S5EmailIsValidTests.swift */,
				91617D5B275D860C00DDB972 /* US1S6EmailLimits200CharsTests.swift */,
				91617D51275D860C00DDB972 /* US1S7PasswordIsRequiredTests.swift */,
				91617D4F275D860C00DDB972 /* US1S8PasswordIsInvalidTests.swift */,
				91617D55275D860C00DDB972 /* US1S9PasswordIsValidTests.swift */,
				91617D52275D860C00DDB972 /* US1S10PasswordLimits200CharsTests.swift */,
				91617D59275D860C00DDB972 /* US1S11WebsiteIsOptionalTests.swift */,
				91617D5C275D860C00DDB972 /* US1S12WebsiteLimits200CharsTests.swift */,
				91617D58275D860C00DDB972 /* US1S13WebsiteIsInvalidTests.swift */,
				91617D56275D860C00DDB972 /* US1S14TermOfUseTests.swift */,
				91617D5E275D860C00DDB972 /* US1S15EmailIsAlreadyInUseTests.swift */,
				91617D50275D860C00DDB972 /* US1S16AccountCreatedSuccessfullyTests.swift */,
				91617D5F275D860C00DDB972 /* US1S17DeviceIsOfflineTests.swift */,
			);
			path = US1SignUp;
			sourceTree = "<group>";
		};
/* End PBXGroup section */

/* Begin PBXNativeTarget section */
		91617CD3275D3A7500DDB972 /* SignUpSample */ = {
			isa = PBXNativeTarget;
			buildConfigurationList = 91617CF8275D3A7800DDB972 /* Build configuration list for PBXNativeTarget "SignUpSample" */;
			buildPhases = (
				91617D03275D4DB700DDB972 /* Scan code by SwiftLint */,
				91617CD0275D3A7500DDB972 /* Sources */,
				91617CD1275D3A7500DDB972 /* Frameworks */,
				91617CD2275D3A7500DDB972 /* Resources */,
			);
			buildRules = (
			);
			dependencies = (
			);
			name = SignUpSample;
			productName = SignUpSample;
			productReference = 91617CD4275D3A7500DDB972 /* SignUpSample.app */;
			productType = "com.apple.product-type.application";
		};
		91617CE3275D3A7800DDB972 /* SignUpSampleTests */ = {
			isa = PBXNativeTarget;
			buildConfigurationList = 91617CFB275D3A7800DDB972 /* Build configuration list for PBXNativeTarget "SignUpSampleTests" */;
			buildPhases = (
				91617CE0275D3A7800DDB972 /* Sources */,
				91617CE1275D3A7800DDB972 /* Frameworks */,
				91617CE2275D3A7800DDB972 /* Resources */,
			);
			buildRules = (
			);
			dependencies = (
				91617CE6275D3A7800DDB972 /* PBXTargetDependency */,
			);
			name = SignUpSampleTests;
			productName = SignUpSampleTests;
			productReference = 91617CE4275D3A7800DDB972 /* SignUpSampleTests.xctest */;
			productType = "com.apple.product-type.bundle.unit-test";
		};
		91617CED275D3A7800DDB972 /* SignUpSampleUITests */ = {
			isa = PBXNativeTarget;
			buildConfigurationList = 91617CFE275D3A7800DDB972 /* Build configuration list for PBXNativeTarget "SignUpSampleUITests" */;
			buildPhases = (
				91617CEA275D3A7800DDB972 /* Sources */,
				91617CEB275D3A7800DDB972 /* Frameworks */,
				91617CEC275D3A7800DDB972 /* Resources */,
			);
			buildRules = (
			);
			dependencies = (
				91617CF0275D3A7800DDB972 /* PBXTargetDependency */,
			);
			name = SignUpSampleUITests;
			productName = SignUpSampleUITests;
			productReference = 91617CEE275D3A7800DDB972 /* SignUpSampleUITests.xctest */;
			productType = "com.apple.product-type.bundle.ui-testing";
		};
/* End PBXNativeTarget section */

/* Begin PBXProject section */
		91617CCC275D3A7500DDB972 /* Project object */ = {
			isa = PBXProject;
			attributes = {
				BuildIndependentTargetsInParallel = 1;
				LastSwiftUpdateCheck = 1310;
				LastUpgradeCheck = 1310;
				TargetAttributes = {
					91617CD3275D3A7500DDB972 = {
						CreatedOnToolsVersion = 13.1;
					};
					91617CE3275D3A7800DDB972 = {
						CreatedOnToolsVersion = 13.1;
						TestTargetID = 91617CD3275D3A7500DDB972;
					};
					91617CED275D3A7800DDB972 = {
						CreatedOnToolsVersion = 13.1;
						TestTargetID = 91617CD3275D3A7500DDB972;
					};
				};
			};
			buildConfigurationList = 91617CCF275D3A7500DDB972 /* Build configuration list for PBXProject "SignUpSample" */;
			compatibilityVersion = "Xcode 13.0";
			developmentRegion = en;
			hasScannedForEncodings = 0;
			knownRegions = (
				en,
				Base,
				vi,
			);
			mainGroup = 91617CCB275D3A7500DDB972;
			productRefGroup = 91617CD5275D3A7500DDB972 /* Products */;
			projectDirPath = "";
			projectRoot = "";
			targets = (
				91617CD3275D3A7500DDB972 /* SignUpSample */,
				91617CE3275D3A7800DDB972 /* SignUpSampleTests */,
				91617CED275D3A7800DDB972 /* SignUpSampleUITests */,
			);
		};
/* End PBXProject section */

/* Begin PBXResourcesBuildPhase section */
		91617CD2275D3A7500DDB972 /* Resources */ = {
			isa = PBXResourcesBuildPhase;
			buildActionMask = 2147483647;
			files = (
				91617D02275D4D5000DDB972 /* com.raywenderlich.swiftlint.yml in Resources */,
				91108EAA275D917D00EACB6B /* Localization.strings in Resources */,
				91617CDF275D3A7800DDB972 /* Preview Assets.xcassets in Resources */,
				91617CDC275D3A7800DDB972 /* Assets.xcassets in Resources */,
			);
			runOnlyForDeploymentPostprocessing = 0;
		};
		91617CE2275D3A7800DDB972 /* Resources */ = {
			isa = PBXResourcesBuildPhase;
			buildActionMask = 2147483647;
			files = (
			);
			runOnlyForDeploymentPostprocessing = 0;
		};
		91617CEC275D3A7800DDB972 /* Resources */ = {
			isa = PBXResourcesBuildPhase;
			buildActionMask = 2147483647;
			files = (
			);
			runOnlyForDeploymentPostprocessing = 0;
		};
/* End PBXResourcesBuildPhase section */

/* Begin PBXShellScriptBuildPhase section */
		91617D03275D4DB700DDB972 /* Scan code by SwiftLint */ = {
			isa = PBXShellScriptBuildPhase;
			buildActionMask = 2147483647;
			files = (
			);
			inputFileListPaths = (
			);
			inputPaths = (
			);
			name = "Scan code by SwiftLint";
			outputFileListPaths = (
			);
			outputPaths = (
			);
			runOnlyForDeploymentPostprocessing = 0;
			shellPath = /bin/sh;
			shellScript = "if which swiftlint >/dev/null; then\n  swiftlint --config ${SRCROOT}/com.raywenderlich.swiftlint.yml\nelse\n  echo \"warning: SwiftLint not installed, download from https://github.com/realm/SwiftLint\"\nfi\n";
		};
/* End PBXShellScriptBuildPhase section */

/* Begin PBXSourcesBuildPhase section */
		91617CD0275D3A7500DDB972 /* Sources */ = {
			isa = PBXSourcesBuildPhase;
			buildActionMask = 2147483647;
			files = (
				91617CDA275D3A7500DDB972 /* SignUpView.swift in Sources */,
				9114E2E6275E8CA7005CBFCC /* Colors.swift in Sources */,
				9114E2E4275E829B005CBFCC /* RoundedTextFieldStyle.swift in Sources */,
				91617D0E275D6CBD00DDB972 /* SignUpConfirmationView.swift in Sources */,
				91617D09275D6BA500DDB972 /* SignUpViewModel.swift in Sources */,
				91617CD8275D3A7500DDB972 /* SignUpSampleApp.swift in Sources */,
				91617D14275D6D4100DDB972 /* AccountService.swift in Sources */,
				91617D12275D6D3200DDB972 /* NetworkStatus.swift in Sources */,
				91617D10275D6CF600DDB972 /* SignUpConfirmationViewModel.swift in Sources */,
			);
			runOnlyForDeploymentPostprocessing = 0;
		};
		91617CE0275D3A7800DDB972 /* Sources */ = {
			isa = PBXSourcesBuildPhase;
			buildActionMask = 2147483647;
			files = (
				91617D70275D860C00DDB972 /* US1S17DeviceIsOfflineTests.swift in Sources */,
				91617D6A275D860C00DDB972 /* US1S11WebsiteIsOptionalTests.swift in Sources */,
				91617D66275D860C00DDB972 /* US1S9PasswordIsValidTests.swift in Sources */,
				91617D6F275D860C00DDB972 /* US1S15EmailIsAlreadyInUseTests.swift in Sources */,
				91617D65275D860C00DDB972 /* US1S2FirstNameLimits200CharsTests.swift in Sources */,
				91617D68275D860C00DDB972 /* US1S3EmailIsRequiredTests.swift in Sources */,
				91617D64275D860C00DDB972 /* US1S5EmailIsValidTests.swift in Sources */,
				91617D6B275D860C00DDB972 /* US1S4EmailIsInvalidTests.swift in Sources */,
				91617D63275D860C00DDB972 /* US1S10PasswordLimits200CharsTests.swift in Sources */,
				91617D2A275D71BF00DDB972 /* MockNetworkStatus.swift in Sources */,
				91617D6C275D860C00DDB972 /* US1S6EmailLimits200CharsTests.swift in Sources */,
				91617D67275D860C00DDB972 /* US1S14TermOfUseTests.swift in Sources */,
				91617D60275D860C00DDB972 /* US1S8PasswordIsInvalidTests.swift in Sources */,
				91617D6D275D860C00DDB972 /* US1S12WebsiteLimits200CharsTests.swift in Sources */,
				91617D61275D860C00DDB972 /* US1S16AccountCreatedSuccessfullyTests.swift in Sources */,
				91617D28275D71A900DDB972 /* MockAccountService.swift in Sources */,
				91617D62275D860C00DDB972 /* US1S7PasswordIsRequiredTests.swift in Sources */,
				91617D6E275D860C00DDB972 /* US1S1FirstNameIsOptinalTests.swift in Sources */,
				91617D69275D860C00DDB972 /* US1S13WebsiteIsInvalidTests.swift in Sources */,
			);
			runOnlyForDeploymentPostprocessing = 0;
		};
		91617CEA275D3A7800DDB972 /* Sources */ = {
			isa = PBXSourcesBuildPhase;
			buildActionMask = 2147483647;
			files = (
				91617D31275D807C00DDB972 /* US1S3EmailIsRequiredUITests.swift in Sources */,
				91617D2F275D804800DDB972 /* US1S2FirstNameLimits200CharsUITests.swift in Sources */,
				91617D2D275D7DE700DDB972 /* US1S1FirstNameIsOptinalUITests.swift in Sources */,
				91617D4D275D849E00DDB972 /* US1S17DeviceIsOfflineUITests.swift in Sources */,
				91617D47275D83E500DDB972 /* US1S14TermOfUseUITests.swift in Sources */,
				91617D49275D842C00DDB972 /* US1S15EmailIsAlreadyInUseUITests.swift in Sources */,
				91617D43275D834000DDB972 /* US1S12WebsiteLimits200CharsUITests.swift in Sources */,
				91617D39275D819A00DDB972 /* US1S7PasswordIsRequiredUITests.swift in Sources */,
				91617D3D275D824D00DDB972 /* US1S9PasswordIsValidUITests.swift in Sources */,
				91617D45275D837900DDB972 /* US1S13WebsiteIsInvalidUITests.swift in Sources */,
				91617D41275D82E000DDB972 /* US1S11WebsiteIsOptionalUITests.swift in Sources */,
				91617D3B275D820B00DDB972 /* US1S8PasswordIsInvalidUITests.swift in Sources */,
				91617D37275D814500DDB972 /* US1S6EmailLimits200CharsUITests.swift in Sources */,
				91617D33275D80B100DDB972 /* US1S4EmailIsInvalidUITests.swift in Sources */,
				91617D3F275D82A800DDB972 /* US1S10PasswordLimits200CharsUITests.swift in Sources */,
				91617D4B275D847200DDB972 /* US1S16AccountCreatedSuccessfullyUITests.swift in Sources */,
				91617D35275D80E300DDB972 /* US1S5EmailIsValidUITests.swift in Sources */,
			);
			runOnlyForDeploymentPostprocessing = 0;
		};
/* End PBXSourcesBuildPhase section */

/* Begin PBXTargetDependency section */
		91617CE6275D3A7800DDB972 /* PBXTargetDependency */ = {
			isa = PBXTargetDependency;
			target = 91617CD3275D3A7500DDB972 /* SignUpSample */;
			targetProxy = 91617CE5275D3A7800DDB972 /* PBXContainerItemProxy */;
		};
		91617CF0275D3A7800DDB972 /* PBXTargetDependency */ = {
			isa = PBXTargetDependency;
			target = 91617CD3275D3A7500DDB972 /* SignUpSample */;
			targetProxy = 91617CEF275D3A7800DDB972 /* PBXContainerItemProxy */;
		};
/* End PBXTargetDependency section */

/* Begin PBXVariantGroup section */
		91108EAC275D917D00EACB6B /* Localization.strings */ = {
			isa = PBXVariantGroup;
			children = (
				91108EAB275D917D00EACB6B /* en */,
				91108EAD275D917F00EACB6B /* vi */,
			);
			name = Localization.strings;
			sourceTree = "<group>";
		};
/* End PBXVariantGroup section */

/* Begin XCBuildConfiguration section */
		91617CF6275D3A7800DDB972 /* Debug */ = {
			isa = XCBuildConfiguration;
			buildSettings = {
				ALWAYS_SEARCH_USER_PATHS = NO;
				CLANG_ANALYZER_NONNULL = YES;
				CLANG_ANALYZER_NUMBER_OBJECT_CONVERSION = YES_AGGRESSIVE;
				CLANG_CXX_LANGUAGE_STANDARD = "gnu++17";
				CLANG_CXX_LIBRARY = "libc++";
				CLANG_ENABLE_MODULES = YES;
				CLANG_ENABLE_OBJC_ARC = YES;
				CLANG_ENABLE_OBJC_WEAK = YES;
				CLANG_WARN_BLOCK_CAPTURE_AUTORELEASING = YES;
				CLANG_WARN_BOOL_CONVERSION = YES;
				CLANG_WARN_COMMA = YES;
				CLANG_WARN_CONSTANT_CONVERSION = YES;
				CLANG_WARN_DEPRECATED_OBJC_IMPLEMENTATIONS = YES;
				CLANG_WARN_DIRECT_OBJC_ISA_USAGE = YES_ERROR;
				CLANG_WARN_DOCUMENTATION_COMMENTS = YES;
				CLANG_WARN_EMPTY_BODY = YES;
				CLANG_WARN_ENUM_CONVERSION = YES;
				CLANG_WARN_INFINITE_RECURSION = YES;
				CLANG_WARN_INT_CONVERSION = YES;
				CLANG_WARN_NON_LITERAL_NULL_CONVERSION = YES;
				CLANG_WARN_OBJC_IMPLICIT_RETAIN_SELF = YES;
				CLANG_WARN_OBJC_LITERAL_CONVERSION = YES;
				CLANG_WARN_OBJC_ROOT_CLASS = YES_ERROR;
				CLANG_WARN_QUOTED_INCLUDE_IN_FRAMEWORK_HEADER = YES;
				CLANG_WARN_RANGE_LOOP_ANALYSIS = YES;
				CLANG_WARN_STRICT_PROTOTYPES = YES;
				CLANG_WARN_SUSPICIOUS_MOVE = YES;
				CLANG_WARN_UNGUARDED_AVAILABILITY = YES_AGGRESSIVE;
				CLANG_WARN_UNREACHABLE_CODE = YES;
				CLANG_WARN__DUPLICATE_METHOD_MATCH = YES;
				COPY_PHASE_STRIP = NO;
				DEBUG_INFORMATION_FORMAT = dwarf;
				ENABLE_STRICT_OBJC_MSGSEND = YES;
				ENABLE_TESTABILITY = YES;
				GCC_C_LANGUAGE_STANDARD = gnu11;
				GCC_DYNAMIC_NO_PIC = NO;
				GCC_NO_COMMON_BLOCKS = YES;
				GCC_OPTIMIZATION_LEVEL = 0;
				GCC_PREPROCESSOR_DEFINITIONS = (
					"DEBUG=1",
					"$(inherited)",
				);
				GCC_WARN_64_TO_32_BIT_CONVERSION = YES;
				GCC_WARN_ABOUT_RETURN_TYPE = YES_ERROR;
				GCC_WARN_UNDECLARED_SELECTOR = YES;
				GCC_WARN_UNINITIALIZED_AUTOS = YES_AGGRESSIVE;
				GCC_WARN_UNUSED_FUNCTION = YES;
				GCC_WARN_UNUSED_VARIABLE = YES;
				IPHONEOS_DEPLOYMENT_TARGET = 15.0;
				MTL_ENABLE_DEBUG_INFO = INCLUDE_SOURCE;
				MTL_FAST_MATH = YES;
				ONLY_ACTIVE_ARCH = YES;
				SDKROOT = iphoneos;
				SWIFT_ACTIVE_COMPILATION_CONDITIONS = DEBUG;
				SWIFT_OPTIMIZATION_LEVEL = "-Onone";
			};
			name = Debug;
		};
		91617CF7275D3A7800DDB972 /* Release */ = {
			isa = XCBuildConfiguration;
			buildSettings = {
				ALWAYS_SEARCH_USER_PATHS = NO;
				CLANG_ANALYZER_NONNULL = YES;
				CLANG_ANALYZER_NUMBER_OBJECT_CONVERSION = YES_AGGRESSIVE;
				CLANG_CXX_LANGUAGE_STANDARD = "gnu++17";
				CLANG_CXX_LIBRARY = "libc++";
				CLANG_ENABLE_MODULES = YES;
				CLANG_ENABLE_OBJC_ARC = YES;
				CLANG_ENABLE_OBJC_WEAK = YES;
				CLANG_WARN_BLOCK_CAPTURE_AUTORELEASING = YES;
				CLANG_WARN_BOOL_CONVERSION = YES;
				CLANG_WARN_COMMA = YES;
				CLANG_WARN_CONSTANT_CONVERSION = YES;
				CLANG_WARN_DEPRECATED_OBJC_IMPLEMENTATIONS = YES;
				CLANG_WARN_DIRECT_OBJC_ISA_USAGE = YES_ERROR;
				CLANG_WARN_DOCUMENTATION_COMMENTS = YES;
				CLANG_WARN_EMPTY_BODY = YES;
				CLANG_WARN_ENUM_CONVERSION = YES;
				CLANG_WARN_INFINITE_RECURSION = YES;
				CLANG_WARN_INT_CONVERSION = YES;
				CLANG_WARN_NON_LITERAL_NULL_CONVERSION = YES;
				CLANG_WARN_OBJC_IMPLICIT_RETAIN_SELF = YES;
				CLANG_WARN_OBJC_LITERAL_CONVERSION = YES;
				CLANG_WARN_OBJC_ROOT_CLASS = YES_ERROR;
				CLANG_WARN_QUOTED_INCLUDE_IN_FRAMEWORK_HEADER = YES;
				CLANG_WARN_RANGE_LOOP_ANALYSIS = YES;
				CLANG_WARN_STRICT_PROTOTYPES = YES;
				CLANG_WARN_SUSPICIOUS_MOVE = YES;
				CLANG_WARN_UNGUARDED_AVAILABILITY = YES_AGGRESSIVE;
				CLANG_WARN_UNREACHABLE_CODE = YES;
				CLANG_WARN__DUPLICATE_METHOD_MATCH = YES;
				COPY_PHASE_STRIP = NO;
				DEBUG_INFORMATION_FORMAT = "dwarf-with-dsym";
				ENABLE_NS_ASSERTIONS = NO;
				ENABLE_STRICT_OBJC_MSGSEND = YES;
				GCC_C_LANGUAGE_STANDARD = gnu11;
				GCC_NO_COMMON_BLOCKS = YES;
				GCC_WARN_64_TO_32_BIT_CONVERSION = YES;
				GCC_WARN_ABOUT_RETURN_TYPE = YES_ERROR;
				GCC_WARN_UNDECLARED_SELECTOR = YES;
				GCC_WARN_UNINITIALIZED_AUTOS = YES_AGGRESSIVE;
				GCC_WARN_UNUSED_FUNCTION = YES;
				GCC_WARN_UNUSED_VARIABLE = YES;
				IPHONEOS_DEPLOYMENT_TARGET = 15.0;
				MTL_ENABLE_DEBUG_INFO = NO;
				MTL_FAST_MATH = YES;
				SDKROOT = iphoneos;
				SWIFT_COMPILATION_MODE = wholemodule;
				SWIFT_OPTIMIZATION_LEVEL = "-O";
				VALIDATE_PRODUCT = YES;
			};
			name = Release;
		};
		91617CF9275D3A7800DDB972 /* Debug */ = {
			isa = XCBuildConfiguration;
			buildSettings = {
				ASSETCATALOG_COMPILER_APPICON_NAME = AppIcon;
				ASSETCATALOG_COMPILER_GLOBAL_ACCENT_COLOR_NAME = AccentColor;
				CODE_SIGN_STYLE = Automatic;
				CURRENT_PROJECT_VERSION = 1;
				DEVELOPMENT_ASSET_PATHS = "\"SignUpSample/Resource/Preview Content\"";
				DEVELOPMENT_TEAM = 66H5658B83;
				ENABLE_PREVIEWS = YES;
				GENERATE_INFOPLIST_FILE = YES;
				INFOPLIST_KEY_UIApplicationSceneManifest_Generation = YES;
				INFOPLIST_KEY_UIApplicationSupportsIndirectInputEvents = YES;
				INFOPLIST_KEY_UILaunchScreen_Generation = YES;
				INFOPLIST_KEY_UISupportedInterfaceOrientations_iPad = "UIInterfaceOrientationPortrait UIInterfaceOrientationPortraitUpsideDown UIInterfaceOrientationLandscapeLeft UIInterfaceOrientationLandscapeRight";
				INFOPLIST_KEY_UISupportedInterfaceOrientations_iPhone = "UIInterfaceOrientationPortrait UIInterfaceOrientationLandscapeLeft UIInterfaceOrientationLandscapeRight";
				LD_RUNPATH_SEARCH_PATHS = (
					"$(inherited)",
					"@executable_path/Frameworks",
				);
				MARKETING_VERSION = 1.0;
				PRODUCT_BUNDLE_IDENTIFIER = robo8590.SignUpSample;
				PRODUCT_NAME = "$(TARGET_NAME)";
				SWIFT_EMIT_LOC_STRINGS = YES;
				SWIFT_VERSION = 5.0;
				TARGETED_DEVICE_FAMILY = "1,2";
			};
			name = Debug;
		};
		91617CFA275D3A7800DDB972 /* Release */ = {
			isa = XCBuildConfiguration;
			buildSettings = {
				ASSETCATALOG_COMPILER_APPICON_NAME = AppIcon;
				ASSETCATALOG_COMPILER_GLOBAL_ACCENT_COLOR_NAME = AccentColor;
				CODE_SIGN_STYLE = Automatic;
				CURRENT_PROJECT_VERSION = 1;
				DEVELOPMENT_ASSET_PATHS = "\"SignUpSample/Resource/Preview Content\"";
				DEVELOPMENT_TEAM = 66H5658B83;
				ENABLE_PREVIEWS = YES;
				GENERATE_INFOPLIST_FILE = YES;
				INFOPLIST_KEY_UIApplicationSceneManifest_Generation = YES;
				INFOPLIST_KEY_UIApplicationSupportsIndirectInputEvents = YES;
				INFOPLIST_KEY_UILaunchScreen_Generation = YES;
				INFOPLIST_KEY_UISupportedInterfaceOrientations_iPad = "UIInterfaceOrientationPortrait UIInterfaceOrientationPortraitUpsideDown UIInterfaceOrientationLandscapeLeft UIInterfaceOrientationLandscapeRight";
				INFOPLIST_KEY_UISupportedInterfaceOrientations_iPhone = "UIInterfaceOrientationPortrait UIInterfaceOrientationLandscapeLeft UIInterfaceOrientationLandscapeRight";
				LD_RUNPATH_SEARCH_PATHS = (
					"$(inherited)",
					"@executable_path/Frameworks",
				);
				MARKETING_VERSION = 1.0;
				PRODUCT_BUNDLE_IDENTIFIER = robo8590.SignUpSample;
				PRODUCT_NAME = "$(TARGET_NAME)";
				SWIFT_EMIT_LOC_STRINGS = YES;
				SWIFT_VERSION = 5.0;
				TARGETED_DEVICE_FAMILY = "1,2";
			};
			name = Release;
		};
		91617CFC275D3A7800DDB972 /* Debug */ = {
			isa = XCBuildConfiguration;
			buildSettings = {
				ALWAYS_EMBED_SWIFT_STANDARD_LIBRARIES = YES;
				BUNDLE_LOADER = "$(TEST_HOST)";
				CODE_SIGN_STYLE = Automatic;
				CURRENT_PROJECT_VERSION = 1;
				DEVELOPMENT_TEAM = 66H5658B83;
				GENERATE_INFOPLIST_FILE = YES;
				IPHONEOS_DEPLOYMENT_TARGET = 15.0;
				LD_RUNPATH_SEARCH_PATHS = (
					"$(inherited)",
					"@executable_path/Frameworks",
					"@loader_path/Frameworks",
				);
				MARKETING_VERSION = 1.0;
				PRODUCT_BUNDLE_IDENTIFIER = robo8590.SignUpSampleTests;
				PRODUCT_NAME = "$(TARGET_NAME)";
				SWIFT_EMIT_LOC_STRINGS = NO;
				SWIFT_VERSION = 5.0;
				TARGETED_DEVICE_FAMILY = "1,2";
				TEST_HOST = "$(BUILT_PRODUCTS_DIR)/SignUpSample.app/SignUpSample";
			};
			name = Debug;
		};
		91617CFD275D3A7800DDB972 /* Release */ = {
			isa = XCBuildConfiguration;
			buildSettings = {
				ALWAYS_EMBED_SWIFT_STANDARD_LIBRARIES = YES;
				BUNDLE_LOADER = "$(TEST_HOST)";
				CODE_SIGN_STYLE = Automatic;
				CURRENT_PROJECT_VERSION = 1;
				DEVELOPMENT_TEAM = 66H5658B83;
				GENERATE_INFOPLIST_FILE = YES;
				IPHONEOS_DEPLOYMENT_TARGET = 15.0;
				LD_RUNPATH_SEARCH_PATHS = (
					"$(inherited)",
					"@executable_path/Frameworks",
					"@loader_path/Frameworks",
				);
				MARKETING_VERSION = 1.0;
				PRODUCT_BUNDLE_IDENTIFIER = robo8590.SignUpSampleTests;
				PRODUCT_NAME = "$(TARGET_NAME)";
				SWIFT_EMIT_LOC_STRINGS = NO;
				SWIFT_VERSION = 5.0;
				TARGETED_DEVICE_FAMILY = "1,2";
				TEST_HOST = "$(BUILT_PRODUCTS_DIR)/SignUpSample.app/SignUpSample";
			};
			name = Release;
		};
		91617CFF275D3A7800DDB972 /* Debug */ = {
			isa = XCBuildConfiguration;
			buildSettings = {
				ALWAYS_EMBED_SWIFT_STANDARD_LIBRARIES = YES;
				CODE_SIGN_STYLE = Automatic;
				CURRENT_PROJECT_VERSION = 1;
				DEVELOPMENT_TEAM = 66H5658B83;
				GENERATE_INFOPLIST_FILE = YES;
				LD_RUNPATH_SEARCH_PATHS = (
					"$(inherited)",
					"@executable_path/Frameworks",
					"@loader_path/Frameworks",
				);
				MARKETING_VERSION = 1.0;
				PRODUCT_BUNDLE_IDENTIFIER = robo8590.SignUpSampleUITests;
				PRODUCT_NAME = "$(TARGET_NAME)";
				SWIFT_EMIT_LOC_STRINGS = NO;
				SWIFT_VERSION = 5.0;
				TARGETED_DEVICE_FAMILY = "1,2";
				TEST_TARGET_NAME = SignUpSample;
			};
			name = Debug;
		};
		91617D00275D3A7800DDB972 /* Release */ = {
			isa = XCBuildConfiguration;
			buildSettings = {
				ALWAYS_EMBED_SWIFT_STANDARD_LIBRARIES = YES;
				CODE_SIGN_STYLE = Automatic;
				CURRENT_PROJECT_VERSION = 1;
				DEVELOPMENT_TEAM = 66H5658B83;
				GENERATE_INFOPLIST_FILE = YES;
				LD_RUNPATH_SEARCH_PATHS = (
					"$(inherited)",
					"@executable_path/Frameworks",
					"@loader_path/Frameworks",
				);
				MARKETING_VERSION = 1.0;
				PRODUCT_BUNDLE_IDENTIFIER = robo8590.SignUpSampleUITests;
				PRODUCT_NAME = "$(TARGET_NAME)";
				SWIFT_EMIT_LOC_STRINGS = NO;
				SWIFT_VERSION = 5.0;
				TARGETED_DEVICE_FAMILY = "1,2";
				TEST_TARGET_NAME = SignUpSample;
			};
			name = Release;
		};
/* End XCBuildConfiguration section */

/* Begin XCConfigurationList section */
		91617CCF275D3A7500DDB972 /* Build configuration list for PBXProject "SignUpSample" */ = {
			isa = XCConfigurationList;
			buildConfigurations = (
				91617CF6275D3A7800DDB972 /* Debug */,
				91617CF7275D3A7800DDB972 /* Release */,
			);
			defaultConfigurationIsVisible = 0;
			defaultConfigurationName = Release;
		};
		91617CF8275D3A7800DDB972 /* Build configuration list for PBXNativeTarget "SignUpSample" */ = {
			isa = XCConfigurationList;
			buildConfigurations = (
				91617CF9275D3A7800DDB972 /* Debug */,
				91617CFA275D3A7800DDB972 /* Release */,
			);
			defaultConfigurationIsVisible = 0;
			defaultConfigurationName = Release;
		};
		91617CFB275D3A7800DDB972 /* Build configuration list for PBXNativeTarget "SignUpSampleTests" */ = {
			isa = XCConfigurationList;
			buildConfigurations = (
				91617CFC275D3A7800DDB972 /* Debug */,
				91617CFD275D3A7800DDB972 /* Release */,
			);
			defaultConfigurationIsVisible = 0;
			defaultConfigurationName = Release;
		};
		91617CFE275D3A7800DDB972 /* Build configuration list for PBXNativeTarget "SignUpSampleUITests" */ = {
			isa = XCConfigurationList;
			buildConfigurations = (
				91617CFF275D3A7800DDB972 /* Debug */,
				91617D00275D3A7800DDB972 /* Release */,
			);
			defaultConfigurationIsVisible = 0;
			defaultConfigurationName = Release;
		};
/* End XCConfigurationList section */
	};
	rootObject = 91617CCC275D3A7500DDB972 /* Project object */;
}
